
Microsoft Visual Studio Solution File, Format Version 12.00
# Visual Studio 14
VisualStudioVersion = 14.0.24720.0
MinimumVisualStudioVersion = 10.0.40219.1
Project("{FAE04EC0-301F-11D3-BF4B-00C04F79EFBC}") = "UHDFAid", "UHDFAid\UHDFAid.csproj", "{7B69F29D-FAB9-4DEF-B80D-BA5A8D2E9A53}"
EndProject
Project("{FAE04EC0-301F-11D3-BF4B-00C04F79EFBC}") = "UHDFAid.iOS", "iOS\UHDFAid.iOS.csproj", "{2D04504A-4CF9-4047-8C2C-58E62DA861B5}"
EndProject
Project("{FAE04EC0-301F-11D3-BF4B-00C04F79EFBC}") = "UHDFAid.Droid", "Droid\UHDFAid.Droid.csproj", "{FC22AA3B-7CBE-44A4-A6C5-8DF2687C6B8B}"
EndProject
Global
	GlobalSection(SolutionConfigurationPlatforms) = preSolution
		Debug|Any CPU = Debug|Any CPU
		Debug|iPhone = Debug|iPhone
		Debug|iPhoneSimulator = Debug|iPhoneSimulator
		Default|Any CPU = Default|Any CPU
		Default|iPhone = Default|iPhone
		Default|iPhoneSimulator = Default|iPhoneSimulator
		Release|Any CPU = Release|Any CPU
		Release|iPhone = Release|iPhone
		Release|iPhoneSimulator = Release|iPhoneSimulator
	EndGlobalSection
	GlobalSection(ProjectConfigurationPlatforms) = postSolution
		{7B69F29D-FAB9-4DEF-B80D-BA5A8D2E9A53}.Debug|Any CPU.ActiveCfg = Debug|Any CPU
		{7B69F29D-FAB9-4DEF-B80D-BA5A8D2E9A53}.Debug|Any CPU.Build.0 = Debug|Any CPU
		{7B69F29D-FAB9-4DEF-B80D-BA5A8D2E9A53}.Debug|iPhone.ActiveCfg = Debug|Any CPU
		{7B69F29D-FAB9-4DEF-B80D-BA5A8D2E9A53}.Debug|iPhone.Build.0 = Debug|Any CPU
		{7B69F29D-FAB9-4DEF-B80D-BA5A8D2E9A53}.Debug|iPhoneSimulator.ActiveCfg = Debug|Any CPU
		{7B69F29D-FAB9-4DEF-B80D-BA5A8D2E9A53}.Debug|iPhoneSimulator.Build.0 = Debug|Any CPU
		{7B69F29D-FAB9-4DEF-B80D-BA5A8D2E9A53}.Default|Any CPU.ActiveCfg = Debug|Any CPU
		{7B69F29D-FAB9-4DEF-B80D-BA5A8D2E9A53}.Default|Any CPU.Build.0 = Debug|Any CPU
		{7B69F29D-FAB9-4DEF-B80D-BA5A8D2E9A53}.Default|iPhone.ActiveCfg = Debug|Any CPU
		{7B69F29D-FAB9-4DEF-B80D-BA5A8D2E9A53}.Default|iPhone.Build.0 = Debug|Any CPU
		{7B69F29D-FAB9-4DEF-B80D-BA5A8D2E9A53}.Default|iPhoneSimulator.ActiveCfg = Debug|Any CPU
		{7B69F29D-FAB9-4DEF-B80D-BA5A8D2E9A53}.Default|iPhoneSimulator.Build.0 = Debug|Any CPU
		{7B69F29D-FAB9-4DEF-B80D-BA5A8D2E9A53}.Release|Any CPU.ActiveCfg = Release|Any CPU
		{7B69F29D-FAB9-4DEF-B80D-BA5A8D2E9A53}.Release|Any CPU.Build.0 = Release|Any CPU
		{7B69F29D-FAB9-4DEF-B80D-BA5A8D2E9A53}.Release|iPhone.ActiveCfg = Release|Any CPU
		{7B69F29D-FAB9-4DEF-B80D-BA5A8D2E9A53}.Release|iPhone.Build.0 = Release|Any CPU
		{7B69F29D-FAB9-4DEF-B80D-BA5A8D2E9A53}.Release|iPhoneSimulator.ActiveCfg = Release|Any CPU
		{7B69F29D-FAB9-4DEF-B80D-BA5A8D2E9A53}.Release|iPhoneSimulator.Build.0 = Release|Any CPU
		{2D04504A-4CF9-4047-8C2C-58E62DA861B5}.Debug|Any CPU.ActiveCfg = Debug|iPhoneSimulator
		{2D04504A-4CF9-4047-8C2C-58E62DA861B5}.Debug|Any CPU.Build.0 = Debug|iPhoneSimulator
		{2D04504A-4CF9-4047-8C2C-58E62DA861B5}.Debug|iPhone.ActiveCfg = Debug|iPhone
		{2D04504A-4CF9-4047-8C2C-58E62DA861B5}.Debug|iPhone.Build.0 = Debug|iPhone
		{2D04504A-4CF9-4047-8C2C-58E62DA861B5}.Debug|iPhoneSimulator.ActiveCfg = Debug|iPhoneSimulator
		{2D04504A-4CF9-4047-8C2C-58E62DA861B5}.Debug|iPhoneSimulator.Build.0 = Debug|iPhoneSimulator
		{2D04504A-4CF9-4047-8C2C-58E62DA861B5}.Default|Any CPU.ActiveCfg = Debug|iPhoneSimulator
		{2D04504A-4CF9-4047-8C2C-58E62DA861B5}.Default|Any CPU.Build.0 = Debug|iPhoneSimulator
		{2D04504A-4CF9-4047-8C2C-58E62DA861B5}.Default|iPhone.ActiveCfg = Debug|iPhone
		{2D04504A-4CF9-4047-8C2C-58E62DA861B5}.Default|iPhone.Build.0 = Debug|iPhone
		{2D04504A-4CF9-4047-8C2C-58E62DA861B5}.Default|iPhoneSimulator.ActiveCfg = Debug|iPhoneSimulator
		{2D04504A-4CF9-4047-8C2C-58E62DA861B5}.Default|iPhoneSimulator.Build.0 = Debug|iPhoneSimulator
		{2D04504A-4CF9-4047-8C2C-58E62DA861B5}.Release|Any CPU.ActiveCfg = Release|iPhone
		{2D04504A-4CF9-4047-8C2C-58E62DA861B5}.Release|Any CPU.Build.0 = Release|iPhone
		{2D04504A-4CF9-4047-8C2C-58E62DA861B5}.Release|iPhone.ActiveCfg = Release|iPhone
		{2D04504A-4CF9-4047-8C2C-58E62DA861B5}.Release|iPhone.Build.0 = Release|iPhone
		{2D04504A-4CF9-4047-8C2C-58E62DA861B5}.Release|iPhoneSimulator.ActiveCfg = Release|iPhoneSimulator
		{2D04504A-4CF9-4047-8C2C-58E62DA861B5}.Release|iPhoneSimulator.Build.0 = Release|iPhoneSimulator
		{FC22AA3B-7CBE-44A4-A6C5-8DF2687C6B8B}.Debug|Any CPU.ActiveCfg = Debug|Any CPU
		{FC22AA3B-7CBE-44A4-A6C5-8DF2687C6B8B}.Debug|Any CPU.Build.0 = Debug|Any CPU
		{FC22AA3B-7CBE-44A4-A6C5-8DF2687C6B8B}.Debug|iPhone.ActiveCfg = Debug|Any CPU
		{FC22AA3B-7CBE-44A4-A6C5-8DF2687C6B8B}.Debug|iPhone.Build.0 = Debug|Any CPU
		{FC22AA3B-7CBE-44A4-A6C5-8DF2687C6B8B}.Debug|iPhoneSimulator.ActiveCfg = Debug|Any CPU
		{FC22AA3B-7CBE-44A4-A6C5-8DF2687C6B8B}.Debug|iPhoneSimulator.Build.0 = Debug|Any CPU
		{FC22AA3B-7CBE-44A4-A6C5-8DF2687C6B8B}.Default|Any CPU.ActiveCfg = Debug|Any CPU
		{FC22AA3B-7CBE-44A4-A6C5-8DF2687C6B8B}.Default|Any CPU.Build.0 = Debug|Any CPU
		{FC22AA3B-7CBE-44A4-A6C5-8DF2687C6B8B}.Default|iPhone.ActiveCfg = Debug|Any CPU
		{FC22AA3B-7CBE-44A4-A6C5-8DF2687C6B8B}.Default|iPhone.Build.0 = Debug|Any CPU
		{FC22AA3B-7CBE-44A4-A6C5-8DF2687C6B8B}.Default|iPhone.Deploy.0 = Debug|Any CPU
		{FC22AA3B-7CBE-44A4-A6C5-8DF2687C6B8B}.Default|iPhoneSimulator.ActiveCfg = Debug|Any CPU
		{FC22AA3B-7CBE-44A4-A6C5-8DF2687C6B8B}.Default|iPhoneSimulator.Build.0 = Debug|Any CPU
		{FC22AA3B-7CBE-44A4-A6C5-8DF2687C6B8B}.Default|iPhoneSimulator.Deploy.0 = Debug|Any CPU
		{FC22AA3B-7CBE-44A4-A6C5-8DF2687C6B8B}.Release|Any CPU.ActiveCfg = Release|Any CPU
		{FC22AA3B-7CBE-44A4-A6C5-8DF2687C6B8B}.Release|Any CPU.Build.0 = Release|Any CPU
		{FC22AA3B-7CBE-44A4-A6C5-8DF2687C6B8B}.Release|iPhone.ActiveCfg = Release|Any CPU
		{FC22AA3B-7CBE-44A4-A6C5-8DF2687C6B8B}.Release|iPhone.Build.0 = Release|Any CPU
		{FC22AA3B-7CBE-44A4-A6C5-8DF2687C6B8B}.Release|iPhoneSimulator.ActiveCfg = Release|Any CPU
		{FC22AA3B-7CBE-44A4-A6C5-8DF2687C6B8B}.Release|iPhoneSimulator.Build.0 = Release|Any CPU
	EndGlobalSection
	GlobalSection(SolutionProperties) = preSolution
		HideSolutionNode = FALSE
	EndGlobalSection
EndGlobal
